<?xml version="1.0" encoding="utf-8"?>
<Project ToolsVersion="4.0" xmlns="http://schemas.microsoft.com/developer/msbuild/2003">
  <ItemGroup>
    <Filter Include="Fichiers sources">
      <UniqueIdentifier>{4FC737F1-C7A5-4376-A066-2A32D752A2FF}</UniqueIdentifier>
      <Extensions>cpp;c;cc;cxx;c++;cppm;ixx;def;odl;idl;hpj;bat;asm;asmx</Extensions>
    </Filter>
    <Filter Include="Fichiers d%27en-tête">
      <UniqueIdentifier>{93995380-89BD-4b04-88EB-625FBE52EBFB}</UniqueIdentifier>
      <Extensions>h;hh;hpp;hxx;h++;hm;inl;inc;ipp;xsd</Extensions>
    </Filter>
    <Filter Include="Fichiers de ressources">
      <UniqueIdentifier>{67DA6AB6-F800-4c08-8B7A-83BB121AAD01}</UniqueIdentifier>
      <Extensions>rc;ico;cur;bmp;dlg;rc2;rct;bin;rgs;gif;jpg;jpeg;jpe;resx;tiff;tif;png;wav;mfcribbon-ms</Extensions>
    </Filter>
    <Filter Include="Fichiers d%27en-tête\Inventory">
      <UniqueIdentifier>{9c23059e-f7db-4f4f-bfef-0875d003694c}</UniqueIdentifier>
    </Filter>
    <Filter Include="Fichiers d%27en-tête\Items">
      <UniqueIdentifier>{1977184b-e9b9-43ac-ad37-6bb5dbbd9e1d}</UniqueIdentifier>
    </Filter>
    <Filter Include="Fichiers d%27en-tête\Items\Potions">
      <UniqueIdentifier>{ae953455-19f7-40bc-bfbb-a8119a9bed42}</UniqueIdentifier>
    </Filter>
    <Filter Include="Fichiers d%27en-tête\BattleCharacters">
      <UniqueIdentifier>{ce235ed2-e871-4489-a7af-4211f7a67002}</UniqueIdentifier>
    </Filter>
    <Filter Include="Fichiers sources\BattleCharacters">
      <UniqueIdentifier>{412cb0ae-188b-4bdf-9457-d94440abe343}</UniqueIdentifier>
    </Filter>
    <Filter Include="Fichiers sources\Items">
      <UniqueIdentifier>{6d75b025-db4e-4679-82fa-5cd6f10a0259}</UniqueIdentifier>
    </Filter>
    <Filter Include="Fichiers sources\Items\Potions">
      <UniqueIdentifier>{251e7d60-722c-434c-be07-54f35e791803}</UniqueIdentifier>
    </Filter>
    <Filter Include="Fichiers sources\Inventory">
      <UniqueIdentifier>{78c14f1a-32a8-4c6e-9329-d29bfc8c0e58}</UniqueIdentifier>
    </Filter>
    <Filter Include="Fichiers sources\main">
      <UniqueIdentifier>{876c80e7-c082-49ac-8a85-b5740e4360fb}</UniqueIdentifier>
    </Filter>
    <Filter Include="Fichiers d%27en-tête\Battle">
      <UniqueIdentifier>{19bc1d6c-1b68-4a3f-9ac3-2d176dfddda9}</UniqueIdentifier>
    </Filter>
    <Filter Include="Fichiers sources\Battle">
      <UniqueIdentifier>{336c4168-828a-4c2d-a8b3-3b440277fbb9}</UniqueIdentifier>
    </Filter>
  </ItemGroup>
  <ItemGroup>
    <ClCompile Include="Player.cpp">
      <Filter>Fichiers sources\BattleCharacters</Filter>
    </ClCompile>
    <ClCompile Include="Monster.cpp">
      <Filter>Fichiers sources\BattleCharacters</Filter>
    </ClCompile>
    <ClCompile Include="Item.cpp">
      <Filter>Fichiers sources\Items</Filter>
    </ClCompile>
    <ClCompile Include="ForcePotion.cpp">
      <Filter>Fichiers sources\Items\Potions</Filter>
    </ClCompile>
    <ClCompile Include="HealingPotion.cpp">
      <Filter>Fichiers sources\Items\Potions</Filter>
    </ClCompile>
    <ClCompile Include="Weapon.cpp">
      <Filter>Fichiers sources\Items\Potions</Filter>
    </ClCompile>
    <ClCompile Include="Inventory.cpp">
      <Filter>Fichiers sources\Inventory</Filter>
    </ClCompile>
    <ClCompile Include="Deus ex machina.cpp">
      <Filter>Fichiers sources\main</Filter>
    </ClCompile>
    <ClCompile Include="Battle.cpp">
      <Filter>Fichiers sources\Battle</Filter>
    </ClCompile>
  </ItemGroup>
  <ItemGroup>
    <ClInclude Include="ForcePotion.h">
      <Filter>Fichiers d%27en-tête\Items\Potions</Filter>
    </ClInclude>
    <ClInclude Include="HealingPotion.h">
      <Filter>Fichiers d%27en-tête\Items\Potions</Filter>
    </ClInclude>
    <ClInclude Include="Inventory.h">
      <Filter>Fichiers d%27en-tête\Inventory</Filter>
    </ClInclude>
    <ClInclude Include="Item.h">
      <Filter>Fichiers d%27en-tête\Items</Filter>
    </ClInclude>
    <ClInclude Include="Weapon.h">
      <Filter>Fichiers d%27en-tête\Items</Filter>
    </ClInclude>
    <ClInclude Include="Monster.h">
      <Filter>Fichiers d%27en-tête\BattleCharacters</Filter>
    </ClInclude>
    <ClInclude Include="Player.h">
      <Filter>Fichiers d%27en-tête\BattleCharacters</Filter>
    </ClInclude>
    <ClInclude Include="Battle.h">
      <Filter>Fichiers d%27en-tête\Battle</Filter>
    </ClInclude>
  </ItemGroup>
</Project>